
Microsoft Visual Studio Solution File, Format Version 12.00
# Visual Studio Version 16
VisualStudioVersion = 16.0.29709.97
MinimumVisualStudioVersion = 10.0.40219.1
Project("{FAE04EC0-301F-11D3-BF4B-00C04F79EFBC}") = "eCommerceCore", "eCommerceCore\eCommerceCore.csproj", "{A66CE29E-B3DE-48A5-992C-F456046BC379}"
EndProject
Global
	GlobalSection(SolutionConfigurationPlatforms) = preSolution
		Debug|Any CPU = Debug|Any CPU
		Release|Any CPU = Release|Any CPU
	EndGlobalSection
	GlobalSection(ProjectConfigurationPlatforms) = postSolution
		{A66CE29E-B3DE-48A5-992C-F456046BC379}.Debug|Any CPU.ActiveCfg = Debug|Any CPU
		{A66CE29E-B3DE-48A5-992C-F456046BC379}.Debug|Any CPU.Build.0 = Debug|Any CPU
		{A66CE29E-B3DE-48A5-992C-F456046BC379}.Release|Any CPU.ActiveCfg = Release|Any CPU
		{A66CE29E-B3DE-48A5-992C-F456046BC379}.Release|Any CPU.Build.0 = Release|Any CPU
	EndGlobalSection
	GlobalSection(SolutionProperties) = preSolution
		HideSolutionNode = FALSE
	EndGlobalSection
	GlobalSection(ExtensibilityGlobals) = postSolution
		SolutionGuid = {AF74AE5E-E86A-45CE-9049-7BF9A06FE4AD}
	EndGlobalSection
EndGlobal
